
Microsoft Visual Studio Solution File, Format Version 12.00
# Visual Studio Version 17
VisualStudioVersion = 17.14.36109.1 d17.14
MinimumVisualStudioVersion = 10.0.40219.1
Project("{FAE04EC0-301F-11D3-BF4B-00C04F79EFBC}") = "LabWork19", "LabWork19\LabWork19.csproj", "{C4FC1290-7890-4358-8E45-A29A736F5466}"
EndProject
Project("{FAE04EC0-301F-11D3-BF4B-00C04F79EFBC}") = "Task3", "Task3\Task3.csproj", "{2B962B29-86E1-4CDF-A302-103B622476BA}"
EndProject
Global
	GlobalSection(SolutionConfigurationPlatforms) = preSolution
		Debug|Any CPU = Debug|Any CPU
		Release|Any CPU = Release|Any CPU
	EndGlobalSection
	GlobalSection(ProjectConfigurationPlatforms) = postSolution
		{C4FC1290-7890-4358-8E45-A29A736F5466}.Debug|Any CPU.ActiveCfg = Debug|Any CPU
		{C4FC1290-7890-4358-8E45-A29A736F5466}.Debug|Any CPU.Build.0 = Debug|Any CPU
		{C4FC1290-7890-4358-8E45-A29A736F5466}.Release|Any CPU.ActiveCfg = Release|Any CPU
		{C4FC1290-7890-4358-8E45-A29A736F5466}.Release|Any CPU.Build.0 = Release|Any CPU
		{2B962B29-86E1-4CDF-A302-103B622476BA}.Debug|Any CPU.ActiveCfg = Debug|Any CPU
		{2B962B29-86E1-4CDF-A302-103B622476BA}.Debug|Any CPU.Build.0 = Debug|Any CPU
		{2B962B29-86E1-4CDF-A302-103B622476BA}.Release|Any CPU.ActiveCfg = Release|Any CPU
		{2B962B29-86E1-4CDF-A302-103B622476BA}.Release|Any CPU.Build.0 = Release|Any CPU
	EndGlobalSection
	GlobalSection(SolutionProperties) = preSolution
		HideSolutionNode = FALSE
	EndGlobalSection
	GlobalSection(ExtensibilityGlobals) = postSolution
		SolutionGuid = {F3565412-D0D2-4E16-BFE0-80819BFF175F}
	EndGlobalSection
EndGlobal
